<?xml version="1.0" encoding="utf-8"?>
<Project ToolsVersion="4.0" xmlns="http://schemas.microsoft.com/developer/msbuild/2003">
  <ItemGroup>
    <Filter Include="Source Files">
      <UniqueIdentifier>{74799918-a6ea-46e3-a9a2-12a863555a99}</UniqueIdentifier>
      <Extensions>cpp;c;cxx;rc;def;r;odl;idl;hpj;bat</Extensions>
    </Filter>
    <Filter Include="Header Files">
      <UniqueIdentifier>{37279f7c-8c93-41ca-a415-5e9b90616c81}</UniqueIdentifier>
      <Extensions>h;hpp;hxx;hm;inl</Extensions>
    </Filter>
    <Filter Include="Resource Files">
      <UniqueIdentifier>{ff7c07fa-eaa0-4261-b7a4-2bf462e24c36}</UniqueIdentifier>
      <Extensions>ico;cur;bmp;dlg;rc2;rct;bin;rgs;gif;jpg;jpeg;jpe</Extensions>
    </Filter>
  </ItemGroup>
  <ItemGroup>
    <ClCompile Include="Glavni.cpp">
      <Filter>Source Files</Filter>
    </ClCompile>
    <ClCompile Include="Izuzetak.cpp">
      <Filter>Source Files</Filter>
    </ClCompile>
    <ClCompile Include="Vektor.cpp">
      <Filter>Source Files</Filter>
    </ClCompile>
  </ItemGroup>
  <ItemGroup>
    <ClInclude Include="Izuzetak.h">
      <Filter>Header Files</Filter>
    </ClInclude>
    <ClInclude Include="Vektor.h">
      <Filter>Header Files</Filter>
    </ClInclude>
  </ItemGroup>
</Project>