
Microsoft Visual Studio Solution File, Format Version 12.00
# Visual Studio Express 2013 for Windows Desktop
VisualStudioVersion = 12.0.31101.0
MinimumVisualStudioVersion = 10.0.40219.1
Project("{FAE04EC0-301F-11D3-BF4B-00C04F79EFBC}") = "KrugIValjak", "KrugIValjak\KrugIValjak.csproj", "{E1298B62-F63C-4CF2-A449-78C0DA5450AA}"
EndProject
Project("{FAE04EC0-301F-11D3-BF4B-00C04F79EFBC}") = "Brojevi", "Brojevi\Brojevi.csproj", "{E01FC2CA-1E0E-42D4-802D-FF073C664968}"
EndProject
Project("{FAE04EC0-301F-11D3-BF4B-00C04F79EFBC}") = "Iterator", "Iterator\Iterator.csproj", "{34EAA18B-3C0D-49C9-920A-10C6AD46151B}"
EndProject
Project("{FAE04EC0-301F-11D3-BF4B-00C04F79EFBC}") = "PrenosParametara", "PrenosParametara\PrenosParametara.csproj", "{9022257D-DAAB-4669-A15A-9DF92EF9A27B}"
EndProject
Project("{FAE04EC0-301F-11D3-BF4B-00C04F79EFBC}") = "Matrice", "Matrice\Matrice.csproj", "{935B7DAF-C2AB-404F-AC0D-1C2E719C4BBE}"
EndProject
Project("{FAE04EC0-301F-11D3-BF4B-00C04F79EFBC}") = "ParcijalneKlase", "ParcijalneKlase\ParcijalneKlase.csproj", "{F2E064E3-AE4D-4B28-810C-AA0957D1A308}"
EndProject
Project("{FAE04EC0-301F-11D3-BF4B-00C04F79EFBC}") = "Poligoni", "Poligoni\Poligoni.csproj", "{040AECC7-CC78-446F-9427-6D68D532B1BF}"
EndProject
Project("{FAE04EC0-301F-11D3-BF4B-00C04F79EFBC}") = "StudentiIOcene", "StudentiIOcene\StudentiIOcene.csproj", "{0C46CA01-F23D-4749-829A-94B7FC0182BD}"
EndProject
Project("{FAE04EC0-301F-11D3-BF4B-00C04F79EFBC}") = "KlasaObject", "KlasaObject\KlasaObject.csproj", "{F033EA09-2675-4486-A450-7DD38ACE8F82}"
EndProject
Project("{FAE04EC0-301F-11D3-BF4B-00C04F79EFBC}") = "KompleksniBrojeviIOperatori", "KompleksniBrojeviIOperatori\KompleksniBrojeviIOperatori.csproj", "{E4930C6E-FA29-42CF-B97E-BBA058692A4F}"
EndProject
Project("{FAE04EC0-301F-11D3-BF4B-00C04F79EFBC}") = "IteratorProperties", "IteratorProperties\IteratorProperties.csproj", "{7399A371-18F4-4BC2-9BEB-25630134793B}"
EndProject
Global
	GlobalSection(SolutionConfigurationPlatforms) = preSolution
		Debug|Any CPU = Debug|Any CPU
		Release|Any CPU = Release|Any CPU
	EndGlobalSection
	GlobalSection(ProjectConfigurationPlatforms) = postSolution
		{E1298B62-F63C-4CF2-A449-78C0DA5450AA}.Debug|Any CPU.ActiveCfg = Debug|Any CPU
		{E1298B62-F63C-4CF2-A449-78C0DA5450AA}.Debug|Any CPU.Build.0 = Debug|Any CPU
		{E1298B62-F63C-4CF2-A449-78C0DA5450AA}.Release|Any CPU.ActiveCfg = Release|Any CPU
		{E1298B62-F63C-4CF2-A449-78C0DA5450AA}.Release|Any CPU.Build.0 = Release|Any CPU
		{E01FC2CA-1E0E-42D4-802D-FF073C664968}.Debug|Any CPU.ActiveCfg = Debug|Any CPU
		{E01FC2CA-1E0E-42D4-802D-FF073C664968}.Debug|Any CPU.Build.0 = Debug|Any CPU
		{E01FC2CA-1E0E-42D4-802D-FF073C664968}.Release|Any CPU.ActiveCfg = Release|Any CPU
		{E01FC2CA-1E0E-42D4-802D-FF073C664968}.Release|Any CPU.Build.0 = Release|Any CPU
		{34EAA18B-3C0D-49C9-920A-10C6AD46151B}.Debug|Any CPU.ActiveCfg = Debug|Any CPU
		{34EAA18B-3C0D-49C9-920A-10C6AD46151B}.Debug|Any CPU.Build.0 = Debug|Any CPU
		{34EAA18B-3C0D-49C9-920A-10C6AD46151B}.Release|Any CPU.ActiveCfg = Release|Any CPU
		{34EAA18B-3C0D-49C9-920A-10C6AD46151B}.Release|Any CPU.Build.0 = Release|Any CPU
		{9022257D-DAAB-4669-A15A-9DF92EF9A27B}.Debug|Any CPU.ActiveCfg = Debug|Any CPU
		{9022257D-DAAB-4669-A15A-9DF92EF9A27B}.Debug|Any CPU.Build.0 = Debug|Any CPU
		{9022257D-DAAB-4669-A15A-9DF92EF9A27B}.Release|Any CPU.ActiveCfg = Release|Any CPU
		{9022257D-DAAB-4669-A15A-9DF92EF9A27B}.Release|Any CPU.Build.0 = Release|Any CPU
		{935B7DAF-C2AB-404F-AC0D-1C2E719C4BBE}.Debug|Any CPU.ActiveCfg = Debug|Any CPU
		{935B7DAF-C2AB-404F-AC0D-1C2E719C4BBE}.Debug|Any CPU.Build.0 = Debug|Any CPU
		{935B7DAF-C2AB-404F-AC0D-1C2E719C4BBE}.Release|Any CPU.ActiveCfg = Release|Any CPU
		{935B7DAF-C2AB-404F-AC0D-1C2E719C4BBE}.Release|Any CPU.Build.0 = Release|Any CPU
		{F2E064E3-AE4D-4B28-810C-AA0957D1A308}.Debug|Any CPU.ActiveCfg = Debug|Any CPU
		{F2E064E3-AE4D-4B28-810C-AA0957D1A308}.Debug|Any CPU.Build.0 = Debug|Any CPU
		{F2E064E3-AE4D-4B28-810C-AA0957D1A308}.Release|Any CPU.ActiveCfg = Release|Any CPU
		{F2E064E3-AE4D-4B28-810C-AA0957D1A308}.Release|Any CPU.Build.0 = Release|Any CPU
		{040AECC7-CC78-446F-9427-6D68D532B1BF}.Debug|Any CPU.ActiveCfg = Debug|Any CPU
		{040AECC7-CC78-446F-9427-6D68D532B1BF}.Debug|Any CPU.Build.0 = Debug|Any CPU
		{040AECC7-CC78-446F-9427-6D68D532B1BF}.Release|Any CPU.ActiveCfg = Release|Any CPU
		{040AECC7-CC78-446F-9427-6D68D532B1BF}.Release|Any CPU.Build.0 = Release|Any CPU
		{0C46CA01-F23D-4749-829A-94B7FC0182BD}.Debug|Any CPU.ActiveCfg = Debug|Any CPU
		{0C46CA01-F23D-4749-829A-94B7FC0182BD}.Debug|Any CPU.Build.0 = Debug|Any CPU
		{0C46CA01-F23D-4749-829A-94B7FC0182BD}.Release|Any CPU.ActiveCfg = Release|Any CPU
		{0C46CA01-F23D-4749-829A-94B7FC0182BD}.Release|Any CPU.Build.0 = Release|Any CPU
		{F033EA09-2675-4486-A450-7DD38ACE8F82}.Debug|Any CPU.ActiveCfg = Debug|Any CPU
		{F033EA09-2675-4486-A450-7DD38ACE8F82}.Debug|Any CPU.Build.0 = Debug|Any CPU
		{F033EA09-2675-4486-A450-7DD38ACE8F82}.Release|Any CPU.ActiveCfg = Release|Any CPU
		{F033EA09-2675-4486-A450-7DD38ACE8F82}.Release|Any CPU.Build.0 = Release|Any CPU
		{E4930C6E-FA29-42CF-B97E-BBA058692A4F}.Debug|Any CPU.ActiveCfg = Debug|Any CPU
		{E4930C6E-FA29-42CF-B97E-BBA058692A4F}.Debug|Any CPU.Build.0 = Debug|Any CPU
		{E4930C6E-FA29-42CF-B97E-BBA058692A4F}.Release|Any CPU.ActiveCfg = Release|Any CPU
		{E4930C6E-FA29-42CF-B97E-BBA058692A4F}.Release|Any CPU.Build.0 = Release|Any CPU
		{7399A371-18F4-4BC2-9BEB-25630134793B}.Debug|Any CPU.ActiveCfg = Debug|Any CPU
		{7399A371-18F4-4BC2-9BEB-25630134793B}.Debug|Any CPU.Build.0 = Debug|Any CPU
		{7399A371-18F4-4BC2-9BEB-25630134793B}.Release|Any CPU.ActiveCfg = Release|Any CPU
		{7399A371-18F4-4BC2-9BEB-25630134793B}.Release|Any CPU.Build.0 = Release|Any CPU
	EndGlobalSection
	GlobalSection(SolutionProperties) = preSolution
		HideSolutionNode = FALSE
	EndGlobalSection
EndGlobal
