
Microsoft Visual Studio Solution File, Format Version 12.00
# Visual Studio Express 2013 for Windows Desktop
VisualStudioVersion = 12.0.31101.0
MinimumVisualStudioVersion = 10.0.40219.1
Project("{FAE04EC0-301F-11D3-BF4B-00C04F79EFBC}") = "RecnikSinonima", "RecnikSinonima\RecnikSinonima.csproj", "{DF62A7F8-89B2-49DA-ACD4-71117999503C}"
EndProject
Project("{FAE04EC0-301F-11D3-BF4B-00C04F79EFBC}") = "TekstEditor", "TekstEditor\TekstEditor.csproj", "{E5B8C049-096D-47F6-A7B0-A5B93C174BDE}"
EndProject
Project("{FAE04EC0-301F-11D3-BF4B-00C04F79EFBC}") = "PoredjenjeDirektorijuma", "PoredjenjeDirektorijuma\PoredjenjeDirektorijuma.csproj", "{38F1C4AC-7196-4C35-9441-67F8B93F7863}"
EndProject
Global
	GlobalSection(SolutionConfigurationPlatforms) = preSolution
		Debug|Any CPU = Debug|Any CPU
		Release|Any CPU = Release|Any CPU
	EndGlobalSection
	GlobalSection(ProjectConfigurationPlatforms) = postSolution
		{DF62A7F8-89B2-49DA-ACD4-71117999503C}.Debug|Any CPU.ActiveCfg = Debug|Any CPU
		{DF62A7F8-89B2-49DA-ACD4-71117999503C}.Debug|Any CPU.Build.0 = Debug|Any CPU
		{DF62A7F8-89B2-49DA-ACD4-71117999503C}.Release|Any CPU.ActiveCfg = Release|Any CPU
		{DF62A7F8-89B2-49DA-ACD4-71117999503C}.Release|Any CPU.Build.0 = Release|Any CPU
		{E5B8C049-096D-47F6-A7B0-A5B93C174BDE}.Debug|Any CPU.ActiveCfg = Debug|Any CPU
		{E5B8C049-096D-47F6-A7B0-A5B93C174BDE}.Debug|Any CPU.Build.0 = Debug|Any CPU
		{E5B8C049-096D-47F6-A7B0-A5B93C174BDE}.Release|Any CPU.ActiveCfg = Release|Any CPU
		{E5B8C049-096D-47F6-A7B0-A5B93C174BDE}.Release|Any CPU.Build.0 = Release|Any CPU
		{38F1C4AC-7196-4C35-9441-67F8B93F7863}.Debug|Any CPU.ActiveCfg = Debug|Any CPU
		{38F1C4AC-7196-4C35-9441-67F8B93F7863}.Debug|Any CPU.Build.0 = Debug|Any CPU
		{38F1C4AC-7196-4C35-9441-67F8B93F7863}.Release|Any CPU.ActiveCfg = Release|Any CPU
		{38F1C4AC-7196-4C35-9441-67F8B93F7863}.Release|Any CPU.Build.0 = Release|Any CPU
	EndGlobalSection
	GlobalSection(SolutionProperties) = preSolution
		HideSolutionNode = FALSE
	EndGlobalSection
EndGlobal
